{
    "_meta": {
        "hash": {
            "sha256": "81c4b0d2e924f865dbf37d4045368bc015a66ec1f5934d6dd4b18d8ee83ec046"
        },
        "pipfile-spec": 6,
        "requires": {
            "python_version": "3.10"
        },
        "sources": [
            {
                "name": "pypi",
                "url": "https://pypi.org/simple",
                "verify_ssl": true
            }
        ]
    },
    "default": {
        "pysimplegui": {
            "hashes": [
                "sha256:004f33311ee685a5287fad54f500f7290b40d7c806044e478b1384f85dedce64",
                "sha256:31014d1cc5eef1373d7e93564ff2604662645cc774a939b1f01aa253e7f9d78b"
            ],
            "index": "pypi",
            "version": "==4.60.5"
        }
    },
    "develop": {}
}
